<Solution>
  <Project Path="Ejercicio1/Ejercicio1.csproj" Id="b1e6b5e2-b483-499e-9900-6c1011681a57" />
  <Project Path="Ejercicio2/Ejercicio2.csproj" Id="9c260732-ba27-43f1-9331-bcea2cbebecf" />
  <Project Path="Ejercicio3/Ejercicio3.csproj" Id="02d68467-8a89-4e45-b854-2fde6f9205ae" />
  <Project Path="Ejercicio4/Ejercicio4.csproj" Id="9ada0f87-ed29-47ed-a11c-69104d74fa61" />
</Solution>
