<Solution>
  <Project Path="Ejercicio1/Ejercicio1.csproj" Id="1a458443-0c8e-4ca2-8a45-71c5b07aef80" />
  <Project Path="Ejercicio2/Ejercicio2.csproj" Id="cddad1d5-2f4c-4154-bf1b-9e73ee62f1ce" />
  <Project Path="Ejercicio3/Ejercicio3.csproj" Id="b7ab763f-e4eb-4763-ba74-16ce2312320a" />
  <Project Path="Ejercicio4/Ejercicio4.csproj" Id="d25a290c-3dd4-4a28-8f2c-1574538fd81b" />
  <Project Path="Ejercicio5/Ejercicio5.csproj" Id="52ff6e99-16e5-43c6-8249-69c048bf0b46" />
  <Project Path="Ejercicio6/Ejercicio6.csproj" Id="b53b1111-19fa-45d1-ac7b-cd2010c90ce9" />
  <Project Path="Ejercicio7/Ejercicio7.csproj" Id="c37fc9c8-79d5-4977-a914-0d29b813c14a" />
</Solution>
