<Solution>
  <Project Path="Ejercicio1/Ejercicio1.csproj" Id="b9e7b074-094d-4f8f-963d-17cd20396fc1" />
  <Project Path="Ejercicio2/Ejercicio2.csproj" Id="918e7c82-f9de-4d1d-8dae-a79c229ab697" />
  <Project Path="Ejercicio3/Ejercicio3.csproj" Id="09b6a928-205a-4da3-aff6-58b45da0fbca" />
  <Project Path="Ejercicio4/Ejercicio4.csproj" Id="0bb42871-4844-41f0-a50e-14cd917420bf" />
  <Project Path="Ejercicio5/Ejercicio5.csproj" Id="754d7505-5891-4e9a-aa40-4afb7854291e" />
  <Project Path="Ejercicio6/Ejercicio6.csproj" Id="662e9c43-96a1-4168-87ab-1e9e1ec07007" />
</Solution>
