
Microsoft Visual Studio Solution File, Format Version 12.00
# Visual Studio Version 17
VisualStudioVersion = 17.14.37111.16 d17.14
MinimumVisualStudioVersion = 10.0.40219.1
Project("{FAE04EC0-301F-11D3-BF4B-00C04F79EFBC}") = "EjerciciosSEMANA06", "EjerciciosSEMANA06\EjerciciosSEMANA06.csproj", "{07A62BBE-AE81-4632-96EC-27832F79A4D0}"
EndProject
Global
	GlobalSection(SolutionConfigurationPlatforms) = preSolution
		Debug|Any CPU = Debug|Any CPU
		Release|Any CPU = Release|Any CPU
	EndGlobalSection
	GlobalSection(ProjectConfigurationPlatforms) = postSolution
		{07A62BBE-AE81-4632-96EC-27832F79A4D0}.Debug|Any CPU.ActiveCfg = Debug|Any CPU
		{07A62BBE-AE81-4632-96EC-27832F79A4D0}.Debug|Any CPU.Build.0 = Debug|Any CPU
		{07A62BBE-AE81-4632-96EC-27832F79A4D0}.Release|Any CPU.ActiveCfg = Release|Any CPU
		{07A62BBE-AE81-4632-96EC-27832F79A4D0}.Release|Any CPU.Build.0 = Release|Any CPU
	EndGlobalSection
	GlobalSection(SolutionProperties) = preSolution
		HideSolutionNode = FALSE
	EndGlobalSection
	GlobalSection(ExtensibilityGlobals) = postSolution
		SolutionGuid = {E5A4A4DC-885B-4337-AB56-2C75FDD63016}
	EndGlobalSection
EndGlobal
